Microsoft Visual Studio Solution File, Format Version 12.00
# Visual Studio Version 17
VisualStudioVersion = 17.5.2.0
MinimumVisualStudioVersion = 10.0.40219.1
Project("{2150E333-8FDC-42A3-9474-1A3956D46DE8}") = "app", "app", "{F95F473B-E98A-ACD6-1986-755F447BE36F}"
EndProject
Project("{2150E333-8FDC-42A3-9474-1A3956D46DE8}") = "src", "src", "{AF4CEEC4-771E-8C17-9355-F760DB50FB88}"
EndProject
Project("{FAE04EC0-301F-11D3-BF4B-00C04F79EFBC}") = "SwarmMvc", "app\src\SwarmMvc\SwarmMvc.csproj", "{55D8B1DF-0F28-75C0-F79C-E7F1CE3B5E2E}"
EndProject
Global
	GlobalSection(SolutionConfigurationPlatforms) = preSolution
		Debug|Any CPU = Debug|Any CPU
		Release|Any CPU = Release|Any CPU
	EndGlobalSection
	GlobalSection(ProjectConfigurationPlatforms) = postSolution
		{55D8B1DF-0F28-75C0-F79C-E7F1CE3B5E2E}.Debug|Any CPU.ActiveCfg = Debug|Any CPU
		{55D8B1DF-0F28-75C0-F79C-E7F1CE3B5E2E}.Debug|Any CPU.Build.0 = Debug|Any CPU
		{55D8B1DF-0F28-75C0-F79C-E7F1CE3B5E2E}.Release|Any CPU.ActiveCfg = Release|Any CPU
		{55D8B1DF-0F28-75C0-F79C-E7F1CE3B5E2E}.Release|Any CPU.Build.0 = Release|Any CPU
	EndGlobalSection
	GlobalSection(SolutionProperties) = preSolution
		HideSolutionNode = FALSE
	EndGlobalSection
	GlobalSection(NestedProjects) = preSolution
		{AF4CEEC4-771E-8C17-9355-F760DB50FB88} = {F95F473B-E98A-ACD6-1986-755F447BE36F}
		{55D8B1DF-0F28-75C0-F79C-E7F1CE3B5E2E} = {AF4CEEC4-771E-8C17-9355-F760DB50FB88}
	EndGlobalSection
	GlobalSection(ExtensibilityGlobals) = postSolution
		SolutionGuid = {C30BB49A-A270-43AA-99D2-7275AA51BB02}
	EndGlobalSection
EndGlobal
